{
  "name": "@nexssp/expression-parser",
  "version": "1.0.3",
  "lockfileVersion": 3,
  "requires": true,
  "packages": {
    "": {
      "name": "@nexssp/expression-parser",
      "version": "1.0.3",
      "funding": [
        {
          "type": "paypal",
          "url": "https://www.paypal.com/paypalme/mapoart"
        },
        {
          "type": "github",
          "url": "https://github.com/nexssp/cli?sponsor=1"
        }
      ],
      "license": "MIT",
      "dependencies": {
        "@nexssp/ansi": "^1.1.5",
        "@nexssp/extend": "^2.0.9"
      }
    },
    "node_modules/@nexssp/ansi": {
      "version": "1.1.5",
      "resolved": "https://registry.npmjs.org/@nexssp/ansi/-/ansi-1.1.5.tgz",
      "integrity": "sha512-+wOMfmRsIoJQdTkE+FdEg6YLUWviGFeMF1/Rljz/PJKZC1PoUsG12uUwJj53Tci+sb5bXlz7YVMBNALsSh/l8w==",
      "license": "MIT"
    },
    "node_modules/@nexssp/extend": {
      "version": "2.0.9",
      "resolved": "https://registry.npmjs.org/@nexssp/extend/-/extend-2.0.9.tgz",
      "integrity": "sha512-Zo0QEfGSlpibLZzyiwKcKmhMWjrYHh4hcRNDaMkYesWiWxLFQvtpV/RWyuFOkn1WsxKQWNmTt+F+mdEnQvdyCQ==",
      "funding": [
        {
          "type": "paypal",
          "url": "https://www.paypal.com/paypalme/mapoart"
        },
        {
          "type": "github",
          "url": "https://github.com/nexssp/cli?sponsor=1"
        }
      ],
      "license": "MIT",
      "dependencies": {
        "js-yaml": "^4.1.0"
      }
    },
    "node_modules/argparse": {
      "version": "2.0.1",
      "resolved": "https://registry.npmjs.org/argparse/-/argparse-2.0.1.tgz",
      "integrity": "sha512-8+9WqebbFzpX9OR+Wa6O29asIogeRMzcGtAINdpMHHyAg10f05aSFVBbcEqGf/PXw1EjAZ+q2/bEBg3DvurK3Q==",
      "license": "Python-2.0"
    },
    "node_modules/js-yaml": {
      "version": "4.1.0",
      "resolved": "https://registry.npmjs.org/js-yaml/-/js-yaml-4.1.0.tgz",
      "integrity": "sha512-wpxZs9NoxZaJESJGIZTyDEaYpl0FKSA+FB9aJiyemKhMwkxQg63h4T1KJgUGHpTqPDNRcmmYLugrRjJlBtWvRA==",
      "license": "MIT",
      "dependencies": {
        "argparse": "^2.0.1"
      },
      "bin": {
        "js-yaml": "bin/js-yaml.js"
      }
    }
  }
}
